
Microsoft Visual Studio Solution File, Format Version 12.00
# Visual Studio Version 17
VisualStudioVersion = 17.6.33815.320
MinimumVisualStudioVersion = 10.0.40219.1
Project("{FAE04EC0-301F-11D3-BF4B-00C04F79EFBC}") = "MVCWebHolerite", "MVCWebHolerite.csproj", "{00F4FAAA-5B67-4B8E-8141-DA1E2C06DE56}"
EndProject
Project("{FAE04EC0-301F-11D3-BF4B-00C04F79EFBC}") = "FormsDeskHolerite", "..\FormsDeskHolerite\FormsDeskHolerite.csproj", "{7240B6C5-F707-4016-80E4-1E54D01DE67F}"
EndProject
Global
	GlobalSection(SolutionConfigurationPlatforms) = preSolution
		Debug|Any CPU = Debug|Any CPU
		Release|Any CPU = Release|Any CPU
	EndGlobalSection
	GlobalSection(ProjectConfigurationPlatforms) = postSolution
		{00F4FAAA-5B67-4B8E-8141-DA1E2C06DE56}.Debug|Any CPU.ActiveCfg = Debug|Any CPU
		{00F4FAAA-5B67-4B8E-8141-DA1E2C06DE56}.Debug|Any CPU.Build.0 = Debug|Any CPU
		{00F4FAAA-5B67-4B8E-8141-DA1E2C06DE56}.Release|Any CPU.ActiveCfg = Release|Any CPU
		{00F4FAAA-5B67-4B8E-8141-DA1E2C06DE56}.Release|Any CPU.Build.0 = Release|Any CPU
		{7240B6C5-F707-4016-80E4-1E54D01DE67F}.Debug|Any CPU.ActiveCfg = Debug|Any CPU
		{7240B6C5-F707-4016-80E4-1E54D01DE67F}.Debug|Any CPU.Build.0 = Debug|Any CPU
		{7240B6C5-F707-4016-80E4-1E54D01DE67F}.Release|Any CPU.ActiveCfg = Release|Any CPU
		{7240B6C5-F707-4016-80E4-1E54D01DE67F}.Release|Any CPU.Build.0 = Release|Any CPU
	EndGlobalSection
	GlobalSection(SolutionProperties) = preSolution
		HideSolutionNode = FALSE
	EndGlobalSection
	GlobalSection(ExtensibilityGlobals) = postSolution
		SolutionGuid = {CDDCB90D-7415-4220-BC86-83A202CE6F6F}
	EndGlobalSection
EndGlobal
